
Microsoft Visual Studio Solution File, Format Version 12.00
# Visual Studio Version 16
VisualStudioVersion = 16.0.29424.173
MinimumVisualStudioVersion = 10.0.40219.1
Project("{8BC9CEB8-8B4A-11D0-8D11-00A0C91BC942}") = "SourceFileLoad", "SourceFileLoad\SourceFileLoad.vcxproj", "{8B83DEE3-8DF0-46C0-BEF8-191A2FDFCBD4}"
EndProject
Project("{8BC9CEB8-8B4A-11D0-8D11-00A0C91BC942}") = "ColorSpaceConverter", "ColorSpaceConverter\ColorSpaceConverter.vcxproj", "{F6D0E5D4-D338-4DD2-9572-40CDCAC3DF72}"
EndProject
Project("{8BC9CEB8-8B4A-11D0-8D11-00A0C91BC942}") = "MultiplexerLibrary", "MultiplexerLibrary\MultiplexerLibrary.vcxproj", "{0C95FFCC-37CE-4FAE-BD14-B5A9E7696D6D}"
EndProject
Project("{8BC9CEB8-8B4A-11D0-8D11-00A0C91BC942}") = "SoundGenerateLibrary", "SoundGenerateLibrary\SoundGenerateLibrary.vcxproj", "{FBDA3523-295A-498C-92BB-31A2BD4D6AD2}"
EndProject
Project("{8BC9CEB8-8B4A-11D0-8D11-00A0C91BC942}") = "AESEncryptor", "AESEncryptor\AESEncryptor.vcxproj", "{5A7ADE92-627F-4C97-A208-F3FBB7FAC0BF}"
EndProject
Project("{8BC9CEB8-8B4A-11D0-8D11-00A0C91BC942}") = "EmbeddingModule", "EmbeddingModule\EmbeddingModule.vcxproj", "{F7260895-B63E-43B4-91DA-BE5115F6EB62}"
EndProject
Project("{FAE04EC0-301F-11D3-BF4B-00C04F79EFBC}") = "CryptoVisionGUI", "CryptoVisionGUI\CryptoVisionGUI.csproj", "{7C2A7ECB-E326-4B5B-B81C-07BA826C7E9A}"
	ProjectSection(ProjectDependencies) = postProject
		{E4DFAD0D-B0D4-4728-8462-A00CD1C65E29} = {E4DFAD0D-B0D4-4728-8462-A00CD1C65E29}
	EndProjectSection
EndProject
Project("{8BC9CEB8-8B4A-11D0-8D11-00A0C91BC942}") = "CGates", "CGates\CGates.vcxproj", "{E4DFAD0D-B0D4-4728-8462-A00CD1C65E29}"
	ProjectSection(ProjectDependencies) = postProject
		{FBDA3523-295A-498C-92BB-31A2BD4D6AD2} = {FBDA3523-295A-498C-92BB-31A2BD4D6AD2}
		{5A7ADE92-627F-4C97-A208-F3FBB7FAC0BF} = {5A7ADE92-627F-4C97-A208-F3FBB7FAC0BF}
		{F7260895-B63E-43B4-91DA-BE5115F6EB62} = {F7260895-B63E-43B4-91DA-BE5115F6EB62}
		{0C95FFCC-37CE-4FAE-BD14-B5A9E7696D6D} = {0C95FFCC-37CE-4FAE-BD14-B5A9E7696D6D}
		{F6D0E5D4-D338-4DD2-9572-40CDCAC3DF72} = {F6D0E5D4-D338-4DD2-9572-40CDCAC3DF72}
		{8B83DEE3-8DF0-46C0-BEF8-191A2FDFCBD4} = {8B83DEE3-8DF0-46C0-BEF8-191A2FDFCBD4}
	EndProjectSection
EndProject
Global
	GlobalSection(SolutionConfigurationPlatforms) = preSolution
		Debug|Any CPU = Debug|Any CPU
		Debug|x64 = Debug|x64
		Debug|x86 = Debug|x86
		Release|Any CPU = Release|Any CPU
		Release|x64 = Release|x64
		Release|x86 = Release|x86
	EndGlobalSection
	GlobalSection(ProjectConfigurationPlatforms) = postSolution
		{8B83DEE3-8DF0-46C0-BEF8-191A2FDFCBD4}.Debug|Any CPU.ActiveCfg = Debug|x64
		{8B83DEE3-8DF0-46C0-BEF8-191A2FDFCBD4}.Debug|Any CPU.Build.0 = Debug|x64
		{8B83DEE3-8DF0-46C0-BEF8-191A2FDFCBD4}.Debug|x64.ActiveCfg = Debug|x64
		{8B83DEE3-8DF0-46C0-BEF8-191A2FDFCBD4}.Debug|x64.Build.0 = Debug|x64
		{8B83DEE3-8DF0-46C0-BEF8-191A2FDFCBD4}.Debug|x86.ActiveCfg = Debug|Win32
		{8B83DEE3-8DF0-46C0-BEF8-191A2FDFCBD4}.Debug|x86.Build.0 = Debug|Win32
		{8B83DEE3-8DF0-46C0-BEF8-191A2FDFCBD4}.Release|Any CPU.ActiveCfg = Release|x64
		{8B83DEE3-8DF0-46C0-BEF8-191A2FDFCBD4}.Release|Any CPU.Build.0 = Release|x64
		{8B83DEE3-8DF0-46C0-BEF8-191A2FDFCBD4}.Release|x64.ActiveCfg = Release|x64
		{8B83DEE3-8DF0-46C0-BEF8-191A2FDFCBD4}.Release|x64.Build.0 = Release|x64
		{8B83DEE3-8DF0-46C0-BEF8-191A2FDFCBD4}.Release|x86.ActiveCfg = Release|Win32
		{8B83DEE3-8DF0-46C0-BEF8-191A2FDFCBD4}.Release|x86.Build.0 = Release|Win32
		{F6D0E5D4-D338-4DD2-9572-40CDCAC3DF72}.Debug|Any CPU.ActiveCfg = Debug|x64
		{F6D0E5D4-D338-4DD2-9572-40CDCAC3DF72}.Debug|Any CPU.Build.0 = Debug|x64
		{F6D0E5D4-D338-4DD2-9572-40CDCAC3DF72}.Debug|x64.ActiveCfg = Debug|x64
		{F6D0E5D4-D338-4DD2-9572-40CDCAC3DF72}.Debug|x64.Build.0 = Debug|x64
		{F6D0E5D4-D338-4DD2-9572-40CDCAC3DF72}.Debug|x86.ActiveCfg = Debug|Win32
		{F6D0E5D4-D338-4DD2-9572-40CDCAC3DF72}.Debug|x86.Build.0 = Debug|Win32
		{F6D0E5D4-D338-4DD2-9572-40CDCAC3DF72}.Release|Any CPU.ActiveCfg = Release|x64
		{F6D0E5D4-D338-4DD2-9572-40CDCAC3DF72}.Release|Any CPU.Build.0 = Release|x64
		{F6D0E5D4-D338-4DD2-9572-40CDCAC3DF72}.Release|x64.ActiveCfg = Release|x64
		{F6D0E5D4-D338-4DD2-9572-40CDCAC3DF72}.Release|x64.Build.0 = Release|x64
		{F6D0E5D4-D338-4DD2-9572-40CDCAC3DF72}.Release|x86.ActiveCfg = Release|Win32
		{F6D0E5D4-D338-4DD2-9572-40CDCAC3DF72}.Release|x86.Build.0 = Release|Win32
		{0C95FFCC-37CE-4FAE-BD14-B5A9E7696D6D}.Debug|Any CPU.ActiveCfg = Debug|x64
		{0C95FFCC-37CE-4FAE-BD14-B5A9E7696D6D}.Debug|Any CPU.Build.0 = Debug|x64
		{0C95FFCC-37CE-4FAE-BD14-B5A9E7696D6D}.Debug|x64.ActiveCfg = Debug|x64
		{0C95FFCC-37CE-4FAE-BD14-B5A9E7696D6D}.Debug|x64.Build.0 = Debug|x64
		{0C95FFCC-37CE-4FAE-BD14-B5A9E7696D6D}.Debug|x86.ActiveCfg = Debug|Win32
		{0C95FFCC-37CE-4FAE-BD14-B5A9E7696D6D}.Debug|x86.Build.0 = Debug|Win32
		{0C95FFCC-37CE-4FAE-BD14-B5A9E7696D6D}.Release|Any CPU.ActiveCfg = Release|x64
		{0C95FFCC-37CE-4FAE-BD14-B5A9E7696D6D}.Release|Any CPU.Build.0 = Release|x64
		{0C95FFCC-37CE-4FAE-BD14-B5A9E7696D6D}.Release|x64.ActiveCfg = Release|x64
		{0C95FFCC-37CE-4FAE-BD14-B5A9E7696D6D}.Release|x64.Build.0 = Release|x64
		{0C95FFCC-37CE-4FAE-BD14-B5A9E7696D6D}.Release|x86.ActiveCfg = Release|Win32
		{0C95FFCC-37CE-4FAE-BD14-B5A9E7696D6D}.Release|x86.Build.0 = Release|Win32
		{FBDA3523-295A-498C-92BB-31A2BD4D6AD2}.Debug|Any CPU.ActiveCfg = Debug|x64
		{FBDA3523-295A-498C-92BB-31A2BD4D6AD2}.Debug|Any CPU.Build.0 = Debug|x64
		{FBDA3523-295A-498C-92BB-31A2BD4D6AD2}.Debug|x64.ActiveCfg = Debug|x64
		{FBDA3523-295A-498C-92BB-31A2BD4D6AD2}.Debug|x64.Build.0 = Debug|x64
		{FBDA3523-295A-498C-92BB-31A2BD4D6AD2}.Debug|x86.ActiveCfg = Debug|Win32
		{FBDA3523-295A-498C-92BB-31A2BD4D6AD2}.Debug|x86.Build.0 = Debug|Win32
		{FBDA3523-295A-498C-92BB-31A2BD4D6AD2}.Release|Any CPU.ActiveCfg = Release|x64
		{FBDA3523-295A-498C-92BB-31A2BD4D6AD2}.Release|Any CPU.Build.0 = Release|x64
		{FBDA3523-295A-498C-92BB-31A2BD4D6AD2}.Release|x64.ActiveCfg = Release|x64
		{FBDA3523-295A-498C-92BB-31A2BD4D6AD2}.Release|x64.Build.0 = Release|x64
		{FBDA3523-295A-498C-92BB-31A2BD4D6AD2}.Release|x86.ActiveCfg = Release|Win32
		{FBDA3523-295A-498C-92BB-31A2BD4D6AD2}.Release|x86.Build.0 = Release|Win32
		{5A7ADE92-627F-4C97-A208-F3FBB7FAC0BF}.Debug|Any CPU.ActiveCfg = Debug|x64
		{5A7ADE92-627F-4C97-A208-F3FBB7FAC0BF}.Debug|Any CPU.Build.0 = Debug|x64
		{5A7ADE92-627F-4C97-A208-F3FBB7FAC0BF}.Debug|x64.ActiveCfg = Debug|x64
		{5A7ADE92-627F-4C97-A208-F3FBB7FAC0BF}.Debug|x64.Build.0 = Debug|x64
		{5A7ADE92-627F-4C97-A208-F3FBB7FAC0BF}.Debug|x86.ActiveCfg = Debug|Win32
		{5A7ADE92-627F-4C97-A208-F3FBB7FAC0BF}.Debug|x86.Build.0 = Debug|Win32
		{5A7ADE92-627F-4C97-A208-F3FBB7FAC0BF}.Release|Any CPU.ActiveCfg = Release|x64
		{5A7ADE92-627F-4C97-A208-F3FBB7FAC0BF}.Release|Any CPU.Build.0 = Release|x64
		{5A7ADE92-627F-4C97-A208-F3FBB7FAC0BF}.Release|x64.ActiveCfg = Release|x64
		{5A7ADE92-627F-4C97-A208-F3FBB7FAC0BF}.Release|x64.Build.0 = Release|x64
		{5A7ADE92-627F-4C97-A208-F3FBB7FAC0BF}.Release|x86.ActiveCfg = Release|Win32
		{5A7ADE92-627F-4C97-A208-F3FBB7FAC0BF}.Release|x86.Build.0 = Release|Win32
		{F7260895-B63E-43B4-91DA-BE5115F6EB62}.Debug|Any CPU.ActiveCfg = Debug|x64
		{F7260895-B63E-43B4-91DA-BE5115F6EB62}.Debug|Any CPU.Build.0 = Debug|x64
		{F7260895-B63E-43B4-91DA-BE5115F6EB62}.Debug|x64.ActiveCfg = Debug|x64
		{F7260895-B63E-43B4-91DA-BE5115F6EB62}.Debug|x64.Build.0 = Debug|x64
		{F7260895-B63E-43B4-91DA-BE5115F6EB62}.Debug|x86.ActiveCfg = Debug|Win32
		{F7260895-B63E-43B4-91DA-BE5115F6EB62}.Debug|x86.Build.0 = Debug|Win32
		{F7260895-B63E-43B4-91DA-BE5115F6EB62}.Release|Any CPU.ActiveCfg = Release|x64
		{F7260895-B63E-43B4-91DA-BE5115F6EB62}.Release|Any CPU.Build.0 = Release|x64
		{F7260895-B63E-43B4-91DA-BE5115F6EB62}.Release|x64.ActiveCfg = Release|x64
		{F7260895-B63E-43B4-91DA-BE5115F6EB62}.Release|x64.Build.0 = Release|x64
		{F7260895-B63E-43B4-91DA-BE5115F6EB62}.Release|x86.ActiveCfg = Release|Win32
		{F7260895-B63E-43B4-91DA-BE5115F6EB62}.Release|x86.Build.0 = Release|Win32
		{7C2A7ECB-E326-4B5B-B81C-07BA826C7E9A}.Debug|Any CPU.ActiveCfg = Debug|x64
		{7C2A7ECB-E326-4B5B-B81C-07BA826C7E9A}.Debug|Any CPU.Build.0 = Debug|x64
		{7C2A7ECB-E326-4B5B-B81C-07BA826C7E9A}.Debug|x64.ActiveCfg = Debug|Any CPU
		{7C2A7ECB-E326-4B5B-B81C-07BA826C7E9A}.Debug|x64.Build.0 = Debug|Any CPU
		{7C2A7ECB-E326-4B5B-B81C-07BA826C7E9A}.Debug|x86.ActiveCfg = Debug|Any CPU
		{7C2A7ECB-E326-4B5B-B81C-07BA826C7E9A}.Debug|x86.Build.0 = Debug|Any CPU
		{7C2A7ECB-E326-4B5B-B81C-07BA826C7E9A}.Release|Any CPU.ActiveCfg = Release|x64
		{7C2A7ECB-E326-4B5B-B81C-07BA826C7E9A}.Release|Any CPU.Build.0 = Release|x64
		{7C2A7ECB-E326-4B5B-B81C-07BA826C7E9A}.Release|x64.ActiveCfg = Release|x64
		{7C2A7ECB-E326-4B5B-B81C-07BA826C7E9A}.Release|x64.Build.0 = Release|x64
		{7C2A7ECB-E326-4B5B-B81C-07BA826C7E9A}.Release|x86.ActiveCfg = Release|Any CPU
		{7C2A7ECB-E326-4B5B-B81C-07BA826C7E9A}.Release|x86.Build.0 = Release|Any CPU
		{E4DFAD0D-B0D4-4728-8462-A00CD1C65E29}.Debug|Any CPU.ActiveCfg = Debug|x64
		{E4DFAD0D-B0D4-4728-8462-A00CD1C65E29}.Debug|Any CPU.Build.0 = Debug|x64
		{E4DFAD0D-B0D4-4728-8462-A00CD1C65E29}.Debug|x64.ActiveCfg = Debug|x64
		{E4DFAD0D-B0D4-4728-8462-A00CD1C65E29}.Debug|x64.Build.0 = Debug|x64
		{E4DFAD0D-B0D4-4728-8462-A00CD1C65E29}.Debug|x86.ActiveCfg = Debug|Win32
		{E4DFAD0D-B0D4-4728-8462-A00CD1C65E29}.Debug|x86.Build.0 = Debug|Win32
		{E4DFAD0D-B0D4-4728-8462-A00CD1C65E29}.Release|Any CPU.ActiveCfg = Release|x64
		{E4DFAD0D-B0D4-4728-8462-A00CD1C65E29}.Release|Any CPU.Build.0 = Release|x64
		{E4DFAD0D-B0D4-4728-8462-A00CD1C65E29}.Release|x64.ActiveCfg = Release|x64
		{E4DFAD0D-B0D4-4728-8462-A00CD1C65E29}.Release|x64.Build.0 = Release|x64
		{E4DFAD0D-B0D4-4728-8462-A00CD1C65E29}.Release|x86.ActiveCfg = Release|Win32
		{E4DFAD0D-B0D4-4728-8462-A00CD1C65E29}.Release|x86.Build.0 = Release|Win32
	EndGlobalSection
	GlobalSection(SolutionProperties) = preSolution
		HideSolutionNode = FALSE
	EndGlobalSection
	GlobalSection(ExtensibilityGlobals) = postSolution
		SolutionGuid = {981CB657-511A-45A6-9988-C7FCBD5FE8D9}
	EndGlobalSection
EndGlobal
